PODS:
  - Alamofire (4.4.0)
  - AppAuth (0.8.0)
  - CryptoSwift (0.6.7)
  - JWTDecode (2.0.0)
  - Nimble (5.1.0)
  - Quick (0.10.0)
  - SevenPassSDK (3.0.0):
    - Alamofire (~> 4.4)
    - AppAuth (~> 0.8)
    - CryptoSwift (~> 0.6)

DEPENDENCIES:
  - JWTDecode (~> 2.0.0)
  - Nimble (~> 5.1.0)
  - Quick (~> 0.10.0)
  - SevenPassSDK (from `../`)

EXTERNAL SOURCES:
  SevenPassSDK:
    :path: "../"

SPEC CHECKSUMS:
  Alamofire: dc44b1600b800eb63da6a19039a0083d62a6a62d
  AppAuth: 37b3235b3c3da8f4f070a09dab5a7d15276decc3
  CryptoSwift: 685ae257941e5447474348a2b545583e1a16b573
  JWTDecode: 178e47e5d28d3abcff778bacced8342858cd6cb5
  Nimble: 5ea121a2eda60440287054cde077fc0ad22227b3
  Quick: 5d290df1c69d5ee2f0729956dcf0fd9a30447eaa
  SevenPassSDK: 2e9b085862550a339b2edd9099bdb49a68dcabd5

PODFILE CHECKSUM: 58835f6fb5e2f394aa97eba0cd08221a2c2d98cd

COCOAPODS: 1.2.0
